Microsoft Visual Studio Solution File, Format Version 11.00
# Visual Studio 2008

Project("{19FC4425-FEDA-B2A8-77C5-FDFA67DDC39D}") = "ggj16-jousty", "Assembly-CSharp-firstpass.csproj", "{17620D3A-BD87-9458-5EF4-818F19895FDD}"
EndProject
Project("{19FC4425-FEDA-B2A8-77C5-FDFA67DDC39D}") = "ggj16-jousty", "Assembly-CSharp.csproj", "{3C5AF964-40A9-387E-71E1-4B03886A2C7B}"
EndProject
Project("{19FC4425-FEDA-B2A8-77C5-FDFA67DDC39D}") = "ggj16-jousty", "Assembly-CSharp-Editor.csproj", "{98CD92E4-6D99-3A4F-A37A-8BEA7D00112E}"
EndProject
Global
	GlobalSection(SolutionConfigurationPlatforms) = preSolution
		Debug|Any CPU = Debug|Any CPU
		Release|Any CPU = Release|Any CPU
	EndGlobalSection
	GlobalSection(ProjectConfigurationPlatforms) = postSolution
		{17620D3A-BD87-9458-5EF4-818F19895FDD}.Debug|Any CPU.ActiveCfg = Debug|Any CPU
		{17620D3A-BD87-9458-5EF4-818F19895FDD}.Debug|Any CPU.Build.0 = Debug|Any CPU
		{17620D3A-BD87-9458-5EF4-818F19895FDD}.Release|Any CPU.ActiveCfg = Release|Any CPU
		{17620D3A-BD87-9458-5EF4-818F19895FDD}.Release|Any CPU.Build.0 = Release|Any CPU
		{3C5AF964-40A9-387E-71E1-4B03886A2C7B}.Debug|Any CPU.ActiveCfg = Debug|Any CPU
		{3C5AF964-40A9-387E-71E1-4B03886A2C7B}.Debug|Any CPU.Build.0 = Debug|Any CPU
		{3C5AF964-40A9-387E-71E1-4B03886A2C7B}.Release|Any CPU.ActiveCfg = Release|Any CPU
		{3C5AF964-40A9-387E-71E1-4B03886A2C7B}.Release|Any CPU.Build.0 = Release|Any CPU
		{98CD92E4-6D99-3A4F-A37A-8BEA7D00112E}.Debug|Any CPU.ActiveCfg = Debug|Any CPU
		{98CD92E4-6D99-3A4F-A37A-8BEA7D00112E}.Debug|Any CPU.Build.0 = Debug|Any CPU
		{98CD92E4-6D99-3A4F-A37A-8BEA7D00112E}.Release|Any CPU.ActiveCfg = Release|Any CPU
		{98CD92E4-6D99-3A4F-A37A-8BEA7D00112E}.Release|Any CPU.Build.0 = Release|Any CPU
	EndGlobalSection
	GlobalSection(SolutionProperties) = preSolution
		HideSolutionNode = FALSE
	EndGlobalSection
	GlobalSection(MonoDevelopProperties) = preSolution
		StartupItem = Assembly-CSharp.csproj
	EndGlobalSection
EndGlobal
